
Microsoft Visual Studio Solution File, Format Version 12.00
# Visual Studio Version 16
VisualStudioVersion = 16.0.31729.503
MinimumVisualStudioVersion = 10.0.40219.1
Project("{FAE04EC0-301F-11D3-BF4B-00C04F79EFBC}") = "Do an TMDT", "Do an TMDT\Do an TMDT.csproj", "{2526FB1B-3FAA-4769-AB44-2E3DB74DB764}"
EndProject
Global
	GlobalSection(SolutionConfigurationPlatforms) = preSolution
		Debug|Any CPU = Debug|Any CPU
		Release|Any CPU = Release|Any CPU
	EndGlobalSection
	GlobalSection(ProjectConfigurationPlatforms) = postSolution
		{2526FB1B-3FAA-4769-AB44-2E3DB74DB764}.Debug|Any CPU.ActiveCfg = Debug|Any CPU
		{2526FB1B-3FAA-4769-AB44-2E3DB74DB764}.Debug|Any CPU.Build.0 = Debug|Any CPU
		{2526FB1B-3FAA-4769-AB44-2E3DB74DB764}.Release|Any CPU.ActiveCfg = Release|Any CPU
		{2526FB1B-3FAA-4769-AB44-2E3DB74DB764}.Release|Any CPU.Build.0 = Release|Any CPU
	EndGlobalSection
	GlobalSection(SolutionProperties) = preSolution
		HideSolutionNode = FALSE
	EndGlobalSection
	GlobalSection(ExtensibilityGlobals) = postSolution
		SolutionGuid = {D50F930F-2A80-4487-BBAA-B2D5DCC3DB95}
	EndGlobalSection
EndGlobal
